
Microsoft Visual Studio Solution File, Format Version 12.00
# Visual Studio Version 17
VisualStudioVersion = 17.2.32630.192
MinimumVisualStudioVersion = 10.0.40219.1
Project("{FAE04EC0-301F-11D3-BF4B-00C04F79EFBC}") = "BalcaoDeOfertasAPI", "BalcaoDeOfertasAPI\BalcaoDeOfertasAPI.csproj", "{6F87A2E7-A473-4192-87DB-BB245050D9FB}"
EndProject
Global
	GlobalSection(SolutionConfigurationPlatforms) = preSolution
		Debug|Any CPU = Debug|Any CPU
		Release|Any CPU = Release|Any CPU
	EndGlobalSection
	GlobalSection(ProjectConfigurationPlatforms) = postSolution
		{6F87A2E7-A473-4192-87DB-BB245050D9FB}.Debug|Any CPU.ActiveCfg = Debug|Any CPU
		{6F87A2E7-A473-4192-87DB-BB245050D9FB}.Debug|Any CPU.Build.0 = Debug|Any CPU
		{6F87A2E7-A473-4192-87DB-BB245050D9FB}.Release|Any CPU.ActiveCfg = Release|Any CPU
		{6F87A2E7-A473-4192-87DB-BB245050D9FB}.Release|Any CPU.Build.0 = Release|Any CPU
	EndGlobalSection
	GlobalSection(SolutionProperties) = preSolution
		HideSolutionNode = FALSE
	EndGlobalSection
	GlobalSection(ExtensibilityGlobals) = postSolution
		SolutionGuid = {6D63E7A2-9529-4D4A-809E-13E8CB1A212D}
	EndGlobalSection
EndGlobal
